// !$*UTF8*$!
{
	archiveVersion = 1;
	classes = {
	};
	objectVersion = 46;
	objects = {

/* Begin PBXBuildFile section */
		EFAE31C818E2964F0062EF7C /* Foundation.framework in Frameworks */ = {isa = PBXBuildFile; fileRef = EFAE31C718E2964F0062EF7C /* Foundation.framework */; };
		EFAE31CA18E2964F0062EF7C /* CoreGraphics.framework in Frameworks */ = {isa = PBXBuildFile; fileRef = EFAE31C918E2964F0062EF7C /* CoreGraphics.framework */; };
		EFAE31CC18E2964F0062EF7C /* UIKit.framework in Frameworks */ = {isa = PBXBuildFile; fileRef = EFAE31CB18E2964F0062EF7C /* UIKit.framework */; };
		EFAE31D218E2964F0062EF7C /* InfoPlist.strings in Resources */ = {isa = PBXBuildFile; fileRef = EFAE31D018E2964F0062EF7C /* InfoPlist.strings */; };
		EFAE31D418E2964F0062EF7C /* main.m in Sources */ = {isa = PBXBuildFile; fileRef = EFAE31D318E2964F0062EF7C /* main.m */; };
		EFAE31D818E2964F0062EF7C /* AppDelegate.m in Sources */ = {isa = PBXBuildFile; fileRef = EFAE31D718E2964F0062EF7C /* AppDelegate.m */; };
		EFAE31DB18E2964F0062EF7C /* Main_iPhone.storyboard in Resources */ = {isa = PBXBuildFile; fileRef = EFAE31D918E2964F0062EF7C /* Main_iPhone.storyboard */; };
		EFAE31DE18E2964F0062EF7C /* Main_iPad.storyboard in Resources */ = {isa = PBXBuildFile; fileRef = EFAE31DC18E2964F0062EF7C /* Main_iPad.storyboard */; };
		EFAE31E118E2964F0062EF7C /* ViewController.m in Sources */ = {isa = PBXBuildFile; fileRef = EFAE31E018E2964F0062EF7C /* ViewController.m */; };
		EFAE31E318E2964F0062EF7C /* Images.xcassets in Resources */ = {isa = PBXBuildFile; fileRef = EFAE31E218E2964F0062EF7C /* Images.xcassets */; };
		EFAE31EA18E2964F0062EF7C /* XCTest.framework in Frameworks */ = {isa = PBXBuildFile; fileRef = EFAE31E918E2964F0062EF7C /* XCTest.framework */; };
		EFAE31EB18E2964F0062EF7C /* Foundation.framework in Frameworks */ = {isa = PBXBuildFile; fileRef = EFAE31C718E2964F0062EF7C /* Foundation.framework */; };
		EFAE31EC18E2964F0062EF7C /* UIKit.framework in Frameworks */ = {isa = PBXBuildFile; fileRef = EFAE31CB18E2964F0062EF7C /* UIKit.framework */; };
		EFAE31F418E2964F0062EF7C /* InfoPlist.strings in Resources */ = {isa = PBXBuildFile; fileRef = EFAE31F218E2964F0062EF7C /* InfoPlist.strings */; };
		EFAE31F618E2964F0062EF7C /* Be_The_BeaconTests.m in Sources */ = {isa = PBXBuildFile; fileRef = EFAE31F518E2964F0062EF7C /* Be_The_BeaconTests.m */; };
		EFAE320018E296B20062EF7C /* CoreBluetooth.framework in Frameworks */ = {isa = PBXBuildFile; fileRef = EFAE31FF18E296B20062EF7C /* CoreBluetooth.framework */; };
		EFAE320218E296B60062EF7C /* CoreLocation.framework in Frameworks */ = {isa = PBXBuildFile; fileRef = EFAE320118E296B60062EF7C /* CoreLocation.framework */; };
/* End PBXBuildFile section */

/* Begin PBXContainerItemProxy section */
		EFAE31ED18E2964F0062EF7C /* PBXContainerItemProxy */ = {
			isa = PBXContainerItemProxy;
			containerPortal = EFAE31BC18E2964F0062EF7C /* Project object */;
			proxyType = 1;
			remoteGlobalIDString = EFAE31C318E2964F0062EF7C;
			remoteInfo = "Be The Beacon";
		};
/* End PBXContainerItemProxy section */

/* Begin PBXFileReference section */
		EFAE31C418E2964F0062EF7C /* Be The Beacon.app */ = {isa = PBXFileReference; explicitFileType = wrapper.application; includeInIndex = 0; path = "Be The Beacon.app"; sourceTree = BUILT_PRODUCTS_DIR; };
		EFAE31C718E2964F0062EF7C /* Foundation.framework */ = {isa = PBXFileReference; lastKnownFileType = wrapper.framework; name = Foundation.framework; path = System/Library/Frameworks/Foundation.framework; sourceTree = SDKROOT; };
		EFAE31C918E2964F0062EF7C /* CoreGraphics.framework */ = {isa = PBXFileReference; lastKnownFileType = wrapper.framework; name = CoreGraphics.framework; path = System/Library/Frameworks/CoreGraphics.framework; sourceTree = SDKROOT; };
		EFAE31CB18E2964F0062EF7C /* UIKit.framework */ = {isa = PBXFileReference; lastKnownFileType = wrapper.framework; name = UIKit.framework; path = System/Library/Frameworks/UIKit.framework; sourceTree = SDKROOT; };
		EFAE31CF18E2964F0062EF7C /* Be The Beacon-Info.plist */ = {isa = PBXFileReference; lastKnownFileType = text.plist.xml; path = "Be The Beacon-Info.plist"; sourceTree = "<group>"; };
		EFAE31D118E2964F0062EF7C /* en */ = {isa = PBXFileReference; lastKnownFileType = text.plist.strings; name = en; path = en.lproj/InfoPlist.strings; sourceTree = "<group>"; };
		EFAE31D318E2964F0062EF7C /* main.m */ = {isa = PBXFileReference; lastKnownFileType = sourcecode.c.objc; path = main.m; sourceTree = "<group>"; };
		EFAE31D518E2964F0062EF7C /* Be The Beacon-Prefix.pch */ = {isa = PBXFileReference; lastKnownFileType = sourcecode.c.h; path = "Be The Beacon-Prefix.pch"; sourceTree = "<group>"; };
		EFAE31D618E2964F0062EF7C /* AppDelegate.h */ = {isa = PBXFileReference; lastKnownFileType = sourcecode.c.h; path = AppDelegate.h; sourceTree = "<group>"; };
		EFAE31D718E2964F0062EF7C /* AppDelegate.m */ = {isa = PBXFileReference; lastKnownFileType = sourcecode.c.objc; path = AppDelegate.m; sourceTree = "<group>"; };
		EFAE31DA18E2964F0062EF7C /* Base */ = {isa = PBXFileReference; lastKnownFileType = file.storyboard; name = Base; path = Base.lproj/Main_iPhone.storyboard; sourceTree = "<group>"; };
		EFAE31DD18E2964F0062EF7C /* Base */ = {isa = PBXFileReference; lastKnownFileType = file.storyboard; name = Base; path = Base.lproj/Main_iPad.storyboard; sourceTree = "<group>"; };
		EFAE31DF18E2964F0062EF7C /* ViewController.h */ = {isa = PBXFileReference; lastKnownFileType = sourcecode.c.h; path = ViewController.h; sourceTree = "<group>"; };
		EFAE31E018E2964F0062EF7C /* ViewController.m */ = {isa = PBXFileReference; lastKnownFileType = sourcecode.c.objc; path = ViewController.m; sourceTree = "<group>"; };
		EFAE31E218E2964F0062EF7C /* Images.xcassets */ = {isa = PBXFileReference; lastKnownFileType = folder.assetcatalog; path = Images.xcassets; sourceTree = "<group>"; };
		EFAE31E818E2964F0062EF7C /* Be The BeaconTests.xctest */ = {isa = PBXFileReference; explicitFileType = wrapper.cfbundle; includeInIndex = 0; path = "Be The BeaconTests.xctest"; sourceTree = BUILT_PRODUCTS_DIR; };
		EFAE31E918E2964F0062EF7C /* XCTest.framework */ = {isa = PBXFileReference; lastKnownFileType = wrapper.framework; name = XCTest.framework; path = Library/Frameworks/XCTest.framework; sourceTree = DEVELOPER_DIR; };
		EFAE31F118E2964F0062EF7C /* Be The BeaconTests-Info.plist */ = {isa = PBXFileReference; lastKnownFileType = text.plist.xml; path = "Be The BeaconTests-Info.plist"; sourceTree = "<group>"; };
		EFAE31F318E2964F0062EF7C /* en */ = {isa = PBXFileReference; lastKnownFileType = text.plist.strings; name = en; path = en.lproj/InfoPlist.strings; sourceTree = "<group>"; };
		EFAE31F518E2964F0062EF7C /* Be_The_BeaconTests.m */ = {isa = PBXFileReference; lastKnownFileType = sourcecode.c.objc; path = Be_The_BeaconTests.m; sourceTree = "<group>"; };
		EFAE31FF18E296B20062EF7C /* CoreBluetooth.framework */ = {isa = PBXFileReference; lastKnownFileType = wrapper.framework; name = CoreBluetooth.framework; path = System/Library/Frameworks/CoreBluetooth.framework; sourceTree = SDKROOT; };
		EFAE320118E296B60062EF7C /* CoreLocation.framework */ = {isa = PBXFileReference; lastKnownFileType = wrapper.framework; name = CoreLocation.framework; path = System/Library/Frameworks/CoreLocation.framework; sourceTree = SDKROOT; };
/* End PBXFileReference section */

/* Begin PBXFrameworksBuildPhase section */
		EFAE31C118E2964F0062EF7C /* Frameworks */ = {
			isa = PBXFrameworksBuildPhase;
			buildActionMask = 2147483647;
			files = (
				EFAE320218E296B60062EF7C /* CoreLocation.framework in Frameworks */,
				EFAE320018E296B20062EF7C /* CoreBluetooth.framework in Frameworks */,
				EFAE31CA18E2964F0062EF7C /* CoreGraphics.framework in Frameworks */,
				EFAE31CC18E2964F0062EF7C /* UIKit.framework in Frameworks */,
				EFAE31C818E2964F0062EF7C /* Foundation.framework in Frameworks */,
			);
			runOnlyForDeploymentPostprocessing = 0;
		};
		EFAE31E518E2964F0062EF7C /* Frameworks */ = {
			isa = PBXFrameworksBuildPhase;
			buildActionMask = 2147483647;
			files = (
				EFAE31EA18E2964F0062EF7C /* XCTest.framework in Frameworks */,
				EFAE31EC18E2964F0062EF7C /* UIKit.framework in Frameworks */,
				EFAE31EB18E2964F0062EF7C /* Foundation.framework in Frameworks */,
			);
			runOnlyForDeploymentPostprocessing = 0;
		};
/* End PBXFrameworksBuildPhase section */

/* Begin PBXGroup section */
		EFAE31BB18E2964F0062EF7C = {
			isa = PBXGroup;
			children = (
				EFAE31CD18E2964F0062EF7C /* Be The Beacon */,
				EFAE31EF18E2964F0062EF7C /* Be The BeaconTests */,
				EFAE31C618E2964F0062EF7C /* Frameworks */,
				EFAE31C518E2964F0062EF7C /* Products */,
			);
			sourceTree = "<group>";
		};
		EFAE31C518E2964F0062EF7C /* Products */ = {
			isa = PBXGroup;
			children = (
				EFAE31C418E2964F0062EF7C /* Be The Beacon.app */,
				EFAE31E818E2964F0062EF7C /* Be The BeaconTests.xctest */,
			);
			name = Products;
			sourceTree = "<group>";
		};
		EFAE31C618E2964F0062EF7C /* Frameworks */ = {
			isa = PBXGroup;
			children = (
				EFAE320118E296B60062EF7C /* CoreLocation.framework */,
				EFAE31FF18E296B20062EF7C /* CoreBluetooth.framework */,
				EFAE31C718E2964F0062EF7C /* Foundation.framework */,
				EFAE31C918E2964F0062EF7C /* CoreGraphics.framework */,
				EFAE31CB18E2964F0062EF7C /* UIKit.framework */,
				EFAE31E918E2964F0062EF7C /* XCTest.framework */,
			);
			name = Frameworks;
			sourceTree = "<group>";
		};
		EFAE31CD18E2964F0062EF7C /* Be The Beacon */ = {
			isa = PBXGroup;
			children = (
				EFAE31D618E2964F0062EF7C /* AppDelegate.h */,
				EFAE31D718E2964F0062EF7C /* AppDelegate.m */,
				EFAE31D918E2964F0062EF7C /* Main_iPhone.storyboard */,
				EFAE31DC18E2964F0062EF7C /* Main_iPad.storyboard */,
				EFAE31DF18E2964F0062EF7C /* ViewController.h */,
				EFAE31E018E2964F0062EF7C /* ViewController.m */,
				EFAE31E218E2964F0062EF7C /* Images.xcassets */,
				EFAE31CE18E2964F0062EF7C /* Supporting Files */,
			);
			path = "Be The Beacon";
			sourceTree = "<group>";
		};
		EFAE31CE18E2964F0062EF7C /* Supporting Files */ = {
			isa = PBXGroup;
			children = (
				EFAE31CF18E2964F0062EF7C /* Be The Beacon-Info.plist */,
				EFAE31D018E2964F0062EF7C /* InfoPlist.strings */,
				EFAE31D318E2964F0062EF7C /* main.m */,
				EFAE31D518E2964F0062EF7C /* Be The Beacon-Prefix.pch */,
			);
			name = "Supporting Files";
			sourceTree = "<group>";
		};
		EFAE31EF18E2964F0062EF7C /* Be The BeaconTests */ = {
			isa = PBXGroup;
			children = (
				EFAE31F518E2964F0062EF7C /* Be_The_BeaconTests.m */,
				EFAE31F018E2964F0062EF7C /* Supporting Files */,
			);
			path = "Be The BeaconTests";
			sourceTree = "<group>";
		};
		EFAE31F018E2964F0062EF7C /* Supporting Files */ = {
			isa = PBXGroup;
			children = (
				EFAE31F118E2964F0062EF7C /* Be The BeaconTests-Info.plist */,
				EFAE31F218E2964F0062EF7C /* InfoPlist.strings */,
			);
			name = "Supporting Files";
			sourceTree = "<group>";
		};
/* End PBXGroup section */

/* Begin PBXNativeTarget section */
		EFAE31C318E2964F0062EF7C /* Be The Beacon */ = {
			isa = PBXNativeTarget;
			buildConfigurationList = EFAE31F918E2964F0062EF7C /* Build configuration list for PBXNativeTarget "Be The Beacon" */;
			buildPhases = (
				EFAE31C018E2964F0062EF7C /* Sources */,
				EFAE31C118E2964F0062EF7C /* Frameworks */,
				EFAE31C218E2964F0062EF7C /* Resources */,
			);
			buildRules = (
			);
			dependencies = (
			);
			name = "Be The Beacon";
			productName = "Be The Beacon";
			productReference = EFAE31C418E2964F0062EF7C /* Be The Beacon.app */;
			productType = "com.apple.product-type.application";
		};
		EFAE31E718E2964F0062EF7C /* Be The BeaconTests */ = {
			isa = PBXNativeTarget;
			buildConfigurationList = EFAE31FC18E2964F0062EF7C /* Build configuration list for PBXNativeTarget "Be The BeaconTests" */;
			buildPhases = (
				EFAE31E418E2964F0062EF7C /* Sources */,
				EFAE31E518E2964F0062EF7C /* Frameworks */,
				EFAE31E618E2964F0062EF7C /* Resources */,
			);
			buildRules = (
			);
			dependencies = (
				EFAE31EE18E2964F0062EF7C /* PBXTargetDependency */,
			);
			name = "Be The BeaconTests";
			productName = "Be The BeaconTests";
			productReference = EFAE31E818E2964F0062EF7C /* Be The BeaconTests.xctest */;
			productType = "com.apple.product-type.bundle.unit-test";
		};
/* End PBXNativeTarget section */

/* Begin PBXProject section */
		EFAE31BC18E2964F0062EF7C /* Project object */ = {
			isa = PBXProject;
			attributes = {
				LastUpgradeCheck = 0510;
				ORGANIZATIONNAME = "Code Fellows";
				TargetAttributes = {
					EFAE31E718E2964F0062EF7C = {
						TestTargetID = EFAE31C318E2964F0062EF7C;
					};
				};
			};
			buildConfigurationList = EFAE31BF18E2964F0062EF7C /* Build configuration list for PBXProject "Be The Beacon" */;
			compatibilityVersion = "Xcode 3.2";
			developmentRegion = English;
			hasScannedForEncodings = 0;
			knownRegions = (
				en,
				Base,
			);
			mainGroup = EFAE31BB18E2964F0062EF7C;
			productRefGroup = EFAE31C518E2964F0062EF7C /* Products */;
			projectDirPath = "";
			projectRoot = "";
			targets = (
				EFAE31C318E2964F0062EF7C /* Be The Beacon */,
				EFAE31E718E2964F0062EF7C /* Be The BeaconTests */,
			);
		};
/* End PBXProject section */

/* Begin PBXResourcesBuildPhase section */
		EFAE31C218E2964F0062EF7C /* Resources */ = {
			isa = PBXResourcesBuildPhase;
			buildActionMask = 2147483647;
			files = (
				EFAE31DE18E2964F0062EF7C /* Main_iPad.storyboard in Resources */,
				EFAE31E318E2964F0062EF7C /* Images.xcassets in Resources */,
				EFAE31DB18E2964F0062EF7C /* Main_iPhone.storyboard in Resources */,
				EFAE31D218E2964F0062EF7C /* InfoPlist.strings in Resources */,
			);
			runOnlyForDeploymentPostprocessing = 0;
		};
		EFAE31E618E2964F0062EF7C /* Resources */ = {
			isa = PBXResourcesBuildPhase;
			buildActionMask = 2147483647;
			files = (
				EFAE31F418E2964F0062EF7C /* InfoPlist.strings in Resources */,
			);
			runOnlyForDeploymentPostprocessing = 0;
		};
/* End PBXResourcesBuildPhase section */

/* Begin PBXSourcesBuildPhase section */
		EFAE31C018E2964F0062EF7C /* Sources */ = {
			isa = PBXSourcesBuildPhase;
			buildActionMask = 2147483647;
			files = (
				EFAE31E118E2964F0062EF7C /* ViewController.m in Sources */,
				EFAE31D818E2964F0062EF7C /* AppDelegate.m in Sources */,
				EFAE31D418E2964F0062EF7C /* main.m in Sources */,
			);
			runOnlyForDeploymentPostprocessing = 0;
		};
		EFAE31E418E2964F0062EF7C /* Sources */ = {
			isa = PBXSourcesBuildPhase;
			buildActionMask = 2147483647;
			files = (
				EFAE31F618E2964F0062EF7C /* Be_The_BeaconTests.m in Sources */,
			);
			runOnlyForDeploymentPostprocessing = 0;
		};
/* End PBXSourcesBuildPhase section */

/* Begin PBXTargetDependency section */
		EFAE31EE18E2964F0062EF7C /* PBXTargetDependency */ = {
			isa = PBXTargetDependency;
			target = EFAE31C318E2964F0062EF7C /* Be The Beacon */;
			targetProxy = EFAE31ED18E2964F0062EF7C /* PBXContainerItemProxy */;
		};
/* End PBXTargetDependency section */

/* Begin PBXVariantGroup section */
		EFAE31D018E2964F0062EF7C /* InfoPlist.strings */ = {
			isa = PBXVariantGroup;
			children = (
				EFAE31D118E2964F0062EF7C /* en */,
			);
			name = InfoPlist.strings;
			sourceTree = "<group>";
		};
		EFAE31D918E2964F0062EF7C /* Main_iPhone.storyboard */ = {
			isa = PBXVariantGroup;
			children = (
				EFAE31DA18E2964F0062EF7C /* Base */,
			);
			name = Main_iPhone.storyboard;
			sourceTree = "<group>";
		};
		EFAE31DC18E2964F0062EF7C /* Main_iPad.storyboard */ = {
			isa = PBXVariantGroup;
			children = (
				EFAE31DD18E2964F0062EF7C /* Base */,
			);
			name = Main_iPad.storyboard;
			sourceTree = "<group>";
		};
		EFAE31F218E2964F0062EF7C /* InfoPlist.strings */ = {
			isa = PBXVariantGroup;
			children = (
				EFAE31F318E2964F0062EF7C /* en */,
			);
			name = InfoPlist.strings;
			sourceTree = "<group>";
		};
/* End PBXVariantGroup section */

/* Begin XCBuildConfiguration section */
		EFAE31F718E2964F0062EF7C /* Debug */ = {
			isa = XCBuildConfiguration;
			buildSettings = {
				ALWAYS_SEARCH_USER_PATHS = NO;
				CLANG_CXX_LANGUAGE_STANDARD = "gnu++0x";
				CLANG_CXX_LIBRARY = "libc++";
				CLANG_ENABLE_MODULES = YES;
				CLANG_ENABLE_OBJC_ARC = YES;
				CLANG_WARN_BOOL_CONVERSION = YES;
				CLANG_WARN_CONSTANT_CONVERSION = YES;
				CLANG_WARN_DIRECT_OBJC_ISA_USAGE = YES_ERROR;
				CLANG_WARN_EMPTY_BODY = YES;
				CLANG_WARN_ENUM_CONVERSION = YES;
				CLANG_WARN_INT_CONVERSION = YES;
				CLANG_WARN_OBJC_ROOT_CLASS = YES_ERROR;
				CLANG_WARN__DUPLICATE_METHOD_MATCH = YES;
				"CODE_SIGN_IDENTITY[sdk=iphoneos*]" = "iPhone Developer";
				COPY_PHASE_STRIP = NO;
				GCC_C_LANGUAGE_STANDARD = gnu99;
				GCC_DYNAMIC_NO_PIC = NO;
				GCC_OPTIMIZATION_LEVEL = 0;
				GCC_PREPROCESSOR_DEFINITIONS = (
					"DEBUG=1",
					"$(inherited)",
				);
				GCC_SYMBOLS_PRIVATE_EXTERN = NO;
				GCC_WARN_64_TO_32_BIT_CONVERSION = YES;
				GCC_WARN_ABOUT_RETURN_TYPE = YES_ERROR;
				GCC_WARN_UNDECLARED_SELECTOR = YES;
				GCC_WARN_UNINITIALIZED_AUTOS = YES_AGGRESSIVE;
				GCC_WARN_UNUSED_FUNCTION = YES;
				GCC_WARN_UNUSED_VARIABLE = YES;
				IPHONEOS_DEPLOYMENT_TARGET = 7.0;
				ONLY_ACTIVE_ARCH = YES;
				SDKROOT = iphoneos;
				TARGETED_DEVICE_FAMILY = "1,2";
			};
			name = Debug;
		};
		EFAE31F818E2964F0062EF7C /* Release */ = {
			isa = XCBuildConfiguration;
			buildSettings = {
				ALWAYS_SEARCH_USER_PATHS = NO;
				CLANG_CXX_LANGUAGE_STANDARD = "gnu++0x";
				CLANG_CXX_LIBRARY = "libc++";
				CLANG_ENABLE_MODULES = YES;
				CLANG_ENABLE_OBJC_ARC = YES;
				CLANG_WARN_BOOL_CONVERSION = YES;
				CLANG_WARN_CONSTANT_CONVERSION = YES;
				CLANG_WARN_DIRECT_OBJC_ISA_USAGE = YES_ERROR;
				CLANG_WARN_EMPTY_BODY = YES;
				CLANG_WARN_ENUM_CONVERSION = YES;
				CLANG_WARN_INT_CONVERSION = YES;
				CLANG_WARN_OBJC_ROOT_CLASS = YES_ERROR;
				CLANG_WARN__DUPLICATE_METHOD_MATCH = YES;
				"CODE_SIGN_IDENTITY[sdk=iphoneos*]" = "iPhone Developer";
				COPY_PHASE_STRIP = YES;
				ENABLE_NS_ASSERTIONS = NO;
				GCC_C_LANGUAGE_STANDARD = gnu99;
				GCC_WARN_64_TO_32_BIT_CONVERSION = YES;
				GCC_WARN_ABOUT_RETURN_TYPE = YES_ERROR;
				GCC_WARN_UNDECLARED_SELECTOR = YES;
				GCC_WARN_UNINITIALIZED_AUTOS = YES_AGGRESSIVE;
				GCC_WARN_UNUSED_FUNCTION = YES;
				GCC_WARN_UNUSED_VARIABLE = YES;
				IPHONEOS_DEPLOYMENT_TARGET = 7.0;
				SDKROOT = iphoneos;
				TARGETED_DEVICE_FAMILY = "1,2";
				VALIDATE_PRODUCT = YES;
			};
			name = Release;
		};
		EFAE31FA18E2964F0062EF7C /* Debug */ = {
			isa = XCBuildConfiguration;
			buildSettings = {
				ASSETCATALOG_COMPILER_APPICON_NAME = AppIcon;
				ASSETCATALOG_COMPILER_LAUNCHIMAGE_NAME = LaunchImage;
				GCC_PRECOMPILE_PREFIX_HEADER = YES;
				GCC_PREFIX_HEADER = "Be The Beacon/Be The Beacon-Prefix.pch";
				INFOPLIST_FILE = "Be The Beacon/Be The Beacon-Info.plist";
				IPHONEOS_DEPLOYMENT_TARGET = 7.0;
				PRODUCT_NAME = "$(TARGET_NAME)";
				WRAPPER_EXTENSION = app;
			};
			name = Debug;
		};
		EFAE31FB18E2964F0062EF7C /* Release */ = {
			isa = XCBuildConfiguration;
			buildSettings = {
				ASSETCATALOG_COMPILER_APPICON_NAME = AppIcon;
				ASSETCATALOG_COMPILER_LAUNCHIMAGE_NAME = LaunchImage;
				GCC_PRECOMPILE_PREFIX_HEADER = YES;
				GCC_PREFIX_HEADER = "Be The Beacon/Be The Beacon-Prefix.pch";
				INFOPLIST_FILE = "Be The Beacon/Be The Beacon-Info.plist";
				IPHONEOS_DEPLOYMENT_TARGET = 7.0;
				PRODUCT_NAME = "$(TARGET_NAME)";
				WRAPPER_EXTENSION = app;
			};
			name = Release;
		};
		EFAE31FD18E2964F0062EF7C /* Debug */ = {
			isa = XCBuildConfiguration;
			buildSettings = {
				BUNDLE_LOADER = "$(BUILT_PRODUCTS_DIR)/Be The Beacon.app/Be The Beacon";
				FRAMEWORK_SEARCH_PATHS = (
					"$(SDKROOT)/Developer/Library/Frameworks",
					"$(inherited)",
					"$(DEVELOPER_FRAMEWORKS_DIR)",
				);
				GCC_PRECOMPILE_PREFIX_HEADER = YES;
				GCC_PREFIX_HEADER = "Be The Beacon/Be The Beacon-Prefix.pch";
				GCC_PREPROCESSOR_DEFINITIONS = (
					"DEBUG=1",
					"$(inherited)",
				);
				INFOPLIST_FILE = "Be The BeaconTests/Be The BeaconTests-Info.plist";
				PRODUCT_NAME = "$(TARGET_NAME)";
				TEST_HOST = "$(BUNDLE_LOADER)";
				WRAPPER_EXTENSION = xctest;
			};
			name = Debug;
		};
		EFAE31FE18E2964F0062EF7C /* Release */ = {
			isa = XCBuildConfiguration;
			buildSettings = {
				BUNDLE_LOADER = "$(BUILT_PRODUCTS_DIR)/Be The Beacon.app/Be The Beacon";
				FRAMEWORK_SEARCH_PATHS = (
					"$(SDKROOT)/Developer/Library/Frameworks",
					"$(inherited)",
					"$(DEVELOPER_FRAMEWORKS_DIR)",
				);
				GCC_PRECOMPILE_PREFIX_HEADER = YES;
				GCC_PREFIX_HEADER = "Be The Beacon/Be The Beacon-Prefix.pch";
				INFOPLIST_FILE = "Be The BeaconTests/Be The BeaconTests-Info.plist";
				PRODUCT_NAME = "$(TARGET_NAME)";
				TEST_HOST = "$(BUNDLE_LOADER)";
				WRAPPER_EXTENSION = xctest;
			};
			name = Release;
		};
/* End XCBuildConfiguration section */

/* Begin XCConfigurationList section */
		EFAE31BF18E2964F0062EF7C /* Build configuration list for PBXProject "Be The Beacon" */ = {
			isa = XCConfigurationList;
			buildConfigurations = (
				EFAE31F718E2964F0062EF7C /* Debug */,
				EFAE31F818E2964F0062EF7C /* Release */,
			);
			defaultConfigurationIsVisible = 0;
			defaultConfigurationName = Release;
		};
		EFAE31F918E2964F0062EF7C /* Build configuration list for PBXNativeTarget "Be The Beacon" */ = {
			isa = XCConfigurationList;
			buildConfigurations = (
				EFAE31FA18E2964F0062EF7C /* Debug */,
				EFAE31FB18E2964F0062EF7C /* Release */,
			);
			defaultConfigurationIsVisible = 0;
			defaultConfigurationName = Release;
		};
		EFAE31FC18E2964F0062EF7C /* Build configuration list for PBXNativeTarget "Be The BeaconTests" */ = {
			isa = XCConfigurationList;
			buildConfigurations = (
				EFAE31FD18E2964F0062EF7C /* Debug */,
				EFAE31FE18E2964F0062EF7C /* Release */,
			);
			defaultConfigurationIsVisible = 0;
			defaultConfigurationName = Release;
		};
/* End XCConfigurationList section */
	};
	rootObject = EFAE31BC18E2964F0062EF7C /* Project object */;
}
